// !$*UTF8*$!
{
	archiveVersion = 1;
	classes = {
	};
	objectVersion = 50;
	objects = {

/* Begin PBXBuildFile section */
		13875DCF23003298002508A0 /* LoadingIndicator.swift in Sources */ = {isa = PBXBuildFile; fileRef = 13875DCE23003298002508A0 /* LoadingIndicator.swift */; };
		13C124952300553A00D3752A /* NewsFeed.swift in Sources */ = {isa = PBXBuildFile; fileRef = 13C124942300553A00D3752A /* NewsFeed.swift */; };
		13C12497230055C800D3752A /* NewsFeedViewModel.swift in Sources */ = {isa = PBXBuildFile; fileRef = 13C12496230055C800D3752A /* NewsFeedViewModel.swift */; };
		13C1249C230058FE00D3752A /* NewsFeedCell.swift in Sources */ = {isa = PBXBuildFile; fileRef = 13C1249A230058FE00D3752A /* NewsFeedCell.swift */; };
		13C1249D230058FE00D3752A /* NewsFeedCell.xib in Resources */ = {isa = PBXBuildFile; fileRef = 13C1249B230058FE00D3752A /* NewsFeedCell.xib */; };
		13C1249F2300645900D3752A /* UIImageViewExtension.swift in Sources */ = {isa = PBXBuildFile; fileRef = 13C1249E2300645900D3752A /* UIImageViewExtension.swift */; };
		13C124A223007A4700D3752A /* Reachability.swift in Sources */ = {isa = PBXBuildFile; fileRef = 13C124A123007A4700D3752A /* Reachability.swift */; };
		13C124A42300A60B00D3752A /* DateExtension.swift in Sources */ = {isa = PBXBuildFile; fileRef = 13C124A32300A60B00D3752A /* DateExtension.swift */; };
		13D25BF122FED25A009CA79E /* AppDelegate.swift in Sources */ = {isa = PBXBuildFile; fileRef = 13D25BF022FED25A009CA79E /* AppDelegate.swift */; };
		13D25BF622FED25A009CA79E /* Main.storyboard in Resources */ = {isa = PBXBuildFile; fileRef = 13D25BF422FED25A009CA79E /* Main.storyboard */; };
		13D25BF922FED25A009CA79E /* NewsAppTask.xcdatamodeld in Sources */ = {isa = PBXBuildFile; fileRef = 13D25BF722FED25A009CA79E /* NewsAppTask.xcdatamodeld */; };
		13D25BFB22FED25B009CA79E /* Assets.xcassets in Resources */ = {isa = PBXBuildFile; fileRef = 13D25BFA22FED25B009CA79E /* Assets.xcassets */; };
		13D25BFE22FED25B009CA79E /* LaunchScreen.storyboard in Resources */ = {isa = PBXBuildFile; fileRef = 13D25BFC22FED25B009CA79E /* LaunchScreen.storyboard */; };
		13D25C1222FEDE1C009CA79E /* SignUpViewController.swift in Sources */ = {isa = PBXBuildFile; fileRef = 13D25C1122FEDE1C009CA79E /* SignUpViewController.swift */; };
		13D25C1422FEDE39009CA79E /* NewsFeedViewController.swift in Sources */ = {isa = PBXBuildFile; fileRef = 13D25C1322FEDE39009CA79E /* NewsFeedViewController.swift */; };
		13D25C1722FEF2FD009CA79E /* TextFieldExtension.swift in Sources */ = {isa = PBXBuildFile; fileRef = 13D25C1622FEF2FD009CA79E /* TextFieldExtension.swift */; };
		13D25C1A22FEF861009CA79E /* AppConstant.swift in Sources */ = {isa = PBXBuildFile; fileRef = 13D25C1922FEF861009CA79E /* AppConstant.swift */; };
		13D25C1C22FF00A2009CA79E /* SiguUpViewModel.swift in Sources */ = {isa = PBXBuildFile; fileRef = 13D25C1B22FF00A2009CA79E /* SiguUpViewModel.swift */; };
		13D25C1F22FF019A009CA79E /* InputFieldValidator.swift in Sources */ = {isa = PBXBuildFile; fileRef = 13D25C1E22FF019A009CA79E /* InputFieldValidator.swift */; };
		13D25C2122FF0824009CA79E /* UIViewExtension.swift in Sources */ = {isa = PBXBuildFile; fileRef = 13D25C2022FF0824009CA79E /* UIViewExtension.swift */; };
		13D25C2322FF11E0009CA79E /* UIColorExtension.swift in Sources */ = {isa = PBXBuildFile; fileRef = 13D25C2222FF11E0009CA79E /* UIColorExtension.swift */; };
		13D25C2522FF13CF009CA79E /* UIViewControllerExtension.swift in Sources */ = {isa = PBXBuildFile; fileRef = 13D25C2422FF13CF009CA79E /* UIViewControllerExtension.swift */; };
		13D25C2722FF3400009CA79E /* CoreDataManager.swift in Sources */ = {isa = PBXBuildFile; fileRef = 13D25C2622FF3400009CA79E /* CoreDataManager.swift */; };
		13D25C2B22FF3B86009CA79E /* PersonData.swift in Sources */ = {isa = PBXBuildFile; fileRef = 13D25C2A22FF3B86009CA79E /* PersonData.swift */; };
		13DD3F8C22FFF99C00B0CA1C /* BaseRouter.swift in Sources */ = {isa = PBXBuildFile; fileRef = 13DD3F8B22FFF99C00B0CA1C /* BaseRouter.swift */; };
		13DD3F8E22FFF9CE00B0CA1C /* BaseEndPoint.swift in Sources */ = {isa = PBXBuildFile; fileRef = 13DD3F8D22FFF9CE00B0CA1C /* BaseEndPoint.swift */; };
		13DD3F9022FFFA1E00B0CA1C /* Encoding.swift in Sources */ = {isa = PBXBuildFile; fileRef = 13DD3F8F22FFFA1E00B0CA1C /* Encoding.swift */; };
		13DD3F9222FFFACC00B0CA1C /* BaseNetworkManager.swift in Sources */ = {isa = PBXBuildFile; fileRef = 13DD3F9122FFFACC00B0CA1C /* BaseNetworkManager.swift */; };
		13DD3F9422FFFD4E00B0CA1C /* SignUpEndPoint.swift in Sources */ = {isa = PBXBuildFile; fileRef = 13DD3F9322FFFD4E00B0CA1C /* SignUpEndPoint.swift */; };
		13DD3F9622FFFD8800B0CA1C /* NewsFeedEndPoint.swift in Sources */ = {isa = PBXBuildFile; fileRef = 13DD3F9522FFFD8800B0CA1C /* NewsFeedEndPoint.swift */; };
		13DD3F9A22FFFDCF00B0CA1C /* NewsFeedManager.swift in Sources */ = {isa = PBXBuildFile; fileRef = 13DD3F9922FFFDCF00B0CA1C /* NewsFeedManager.swift */; };
		13DD3F9C22FFFDE100B0CA1C /* SignUpManager.swift in Sources */ = {isa = PBXBuildFile; fileRef = 13DD3F9B22FFFDE100B0CA1C /* SignUpManager.swift */; };
/* End PBXBuildFile section */

/* Begin PBXFileReference section */
		13875DCE23003298002508A0 /* LoadingIndicator.swift */ = {isa = PBXFileReference; lastKnownFileType = sourcecode.swift; path = LoadingIndicator.swift; sourceTree = "<group>"; };
		13C124942300553A00D3752A /* NewsFeed.swift */ = {isa = PBXFileReference; lastKnownFileType = sourcecode.swift; path = NewsFeed.swift; sourceTree = "<group>"; };
		13C12496230055C800D3752A /* NewsFeedViewModel.swift */ = {isa = PBXFileReference; lastKnownFileType = sourcecode.swift; path = NewsFeedViewModel.swift; sourceTree = "<group>"; };
		13C1249A230058FE00D3752A /* NewsFeedCell.swift */ = {isa = PBXFileReference; lastKnownFileType = sourcecode.swift; path = NewsFeedCell.swift; sourceTree = "<group>"; };
		13C1249B230058FE00D3752A /* NewsFeedCell.xib */ = {isa = PBXFileReference; lastKnownFileType = file.xib; path = NewsFeedCell.xib; sourceTree = "<group>"; };
		13C1249E2300645900D3752A /* UIImageViewExtension.swift */ = {isa = PBXFileReference; lastKnownFileType = sourcecode.swift; path = UIImageViewExtension.swift; sourceTree = "<group>"; };
		13C124A123007A4700D3752A /* Reachability.swift */ = {isa = PBXFileReference; lastKnownFileType = sourcecode.swift; path = Reachability.swift; sourceTree = "<group>"; };
		13C124A32300A60B00D3752A /* DateExtension.swift */ = {isa = PBXFileReference; lastKnownFileType = sourcecode.swift; path = DateExtension.swift; sourceTree = "<group>"; };
		13D25BED22FED25A009CA79E /* NewsAppTask.app */ = {isa = PBXFileReference; explicitFileType = wrapper.application; includeInIndex = 0; path = NewsAppTask.app; sourceTree = BUILT_PRODUCTS_DIR; };
		13D25BF022FED25A009CA79E /* AppDelegate.swift */ = {isa = PBXFileReference; lastKnownFileType = sourcecode.swift; path = AppDelegate.swift; sourceTree = "<group>"; };
		13D25BF522FED25A009CA79E /* Base */ = {isa = PBXFileReference; lastKnownFileType = file.storyboard; name = Base; path = Base.lproj/Main.storyboard; sourceTree = "<group>"; };
		13D25BF822FED25A009CA79E /* NewsAppTask.xcdatamodel */ = {isa = PBXFileReference; lastKnownFileType = wrapper.xcdatamodel; path = NewsAppTask.xcdatamodel; sourceTree = "<group>"; };
		13D25BFA22FED25B009CA79E /* Assets.xcassets */ = {isa = PBXFileReference; lastKnownFileType = folder.assetcatalog; path = Assets.xcassets; sourceTree = "<group>"; };
		13D25BFD22FED25B009CA79E /* Base */ = {isa = PBXFileReference; lastKnownFileType = file.storyboard; name = Base; path = Base.lproj/LaunchScreen.storyboard; sourceTree = "<group>"; };
		13D25BFF22FED25B009CA79E /* Info.plist */ = {isa = PBXFileReference; lastKnownFileType = text.plist.xml; path = Info.plist; sourceTree = "<group>"; };
		13D25C1122FEDE1C009CA79E /* SignUpViewController.swift */ = {isa = PBXFileReference; lastKnownFileType = sourcecode.swift; path = SignUpViewController.swift; sourceTree = "<group>"; };
		13D25C1322FEDE39009CA79E /* NewsFeedViewController.swift */ = {isa = PBXFileReference; lastKnownFileType = sourcecode.swift; path = NewsFeedViewController.swift; sourceTree = "<group>"; };
		13D25C1622FEF2FD009CA79E /* TextFieldExtension.swift */ = {isa = PBXFileReference; lastKnownFileType = sourcecode.swift; path = TextFieldExtension.swift; sourceTree = "<group>"; };
		13D25C1922FEF861009CA79E /* AppConstant.swift */ = {isa = PBXFileReference; lastKnownFileType = sourcecode.swift; path = AppConstant.swift; sourceTree = "<group>"; };
		13D25C1B22FF00A2009CA79E /* SiguUpViewModel.swift */ = {isa = PBXFileReference; lastKnownFileType = sourcecode.swift; path = SiguUpViewModel.swift; sourceTree = "<group>"; };
		13D25C1E22FF019A009CA79E /* InputFieldValidator.swift */ = {isa = PBXFileReference; lastKnownFileType = sourcecode.swift; path = InputFieldValidator.swift; sourceTree = "<group>"; };
		13D25C2022FF0824009CA79E /* UIViewExtension.swift */ = {isa = PBXFileReference; lastKnownFileType = sourcecode.swift; path = UIViewExtension.swift; sourceTree = "<group>"; };
		13D25C2222FF11E0009CA79E /* UIColorExtension.swift */ = {isa = PBXFileReference; lastKnownFileType = sourcecode.swift; path = UIColorExtension.swift; sourceTree = "<group>"; };
		13D25C2422FF13CF009CA79E /* UIViewControllerExtension.swift */ = {isa = PBXFileReference; lastKnownFileType = sourcecode.swift; path = UIViewControllerExtension.swift; sourceTree = "<group>"; };
		13D25C2622FF3400009CA79E /* CoreDataManager.swift */ = {isa = PBXFileReference; lastKnownFileType = sourcecode.swift; path = CoreDataManager.swift; sourceTree = "<group>"; };
		13D25C2A22FF3B86009CA79E /* PersonData.swift */ = {isa = PBXFileReference; lastKnownFileType = sourcecode.swift; path = PersonData.swift; sourceTree = "<group>"; };
		13DD3F8B22FFF99C00B0CA1C /* BaseRouter.swift */ = {isa = PBXFileReference; lastKnownFileType = sourcecode.swift; path = BaseRouter.swift; sourceTree = "<group>"; };
		13DD3F8D22FFF9CE00B0CA1C /* BaseEndPoint.swift */ = {isa = PBXFileReference; lastKnownFileType = sourcecode.swift; path = BaseEndPoint.swift; sourceTree = "<group>"; };
		13DD3F8F22FFFA1E00B0CA1C /* Encoding.swift */ = {isa = PBXFileReference; lastKnownFileType = sourcecode.swift; path = Encoding.swift; sourceTree = "<group>"; };
		13DD3F9122FFFACC00B0CA1C /* BaseNetworkManager.swift */ = {isa = PBXFileReference; lastKnownFileType = sourcecode.swift; path = BaseNetworkManager.swift; sourceTree = "<group>"; };
		13DD3F9322FFFD4E00B0CA1C /* SignUpEndPoint.swift */ = {isa = PBXFileReference; lastKnownFileType = sourcecode.swift; path = SignUpEndPoint.swift; sourceTree = "<group>"; };
		13DD3F9522FFFD8800B0CA1C /* NewsFeedEndPoint.swift */ = {isa = PBXFileReference; lastKnownFileType = sourcecode.swift; path = NewsFeedEndPoint.swift; sourceTree = "<group>"; };
		13DD3F9922FFFDCF00B0CA1C /* NewsFeedManager.swift */ = {isa = PBXFileReference; lastKnownFileType = sourcecode.swift; path = NewsFeedManager.swift; sourceTree = "<group>"; };
		13DD3F9B22FFFDE100B0CA1C /* SignUpManager.swift */ = {isa = PBXFileReference; lastKnownFileType = sourcecode.swift; path = SignUpManager.swift; sourceTree = "<group>"; };
/* End PBXFileReference section */

/* Begin PBXFrameworksBuildPhase section */
		13D25BEA22FED25A009CA79E /* Frameworks */ = {
			isa = PBXFrameworksBuildPhase;
			buildActionMask = 2147483647;
			files = (
			);
			runOnlyForDeploymentPostprocessing = 0;
		};
/* End PBXFrameworksBuildPhase section */

/* Begin PBXGroup section */
		13875DCD2300327C002508A0 /* LoadingIndicator */ = {
			isa = PBXGroup;
			children = (
				13875DCE23003298002508A0 /* LoadingIndicator.swift */,
			);
			path = LoadingIndicator;
			sourceTree = "<group>";
		};
		13C12498230058B700D3752A /* TableViewCell */ = {
			isa = PBXGroup;
			children = (
				13C12499230058D900D3752A /* NewsFeedCell */,
			);
			path = TableViewCell;
			sourceTree = "<group>";
		};
		13C12499230058D900D3752A /* NewsFeedCell */ = {
			isa = PBXGroup;
			children = (
				13C1249A230058FE00D3752A /* NewsFeedCell.swift */,
				13C1249B230058FE00D3752A /* NewsFeedCell.xib */,
			);
			path = NewsFeedCell;
			sourceTree = "<group>";
		};
		13C124A023007A2F00D3752A /* Reachability */ = {
			isa = PBXGroup;
			children = (
				13C124A123007A4700D3752A /* Reachability.swift */,
			);
			path = Reachability;
			sourceTree = "<group>";
		};
		13D25BE422FED259009CA79E = {
			isa = PBXGroup;
			children = (
				13D25BEF22FED25A009CA79E /* NewsAppTask */,
				13D25BEE22FED25A009CA79E /* Products */,
			);
			sourceTree = "<group>";
		};
		13D25BEE22FED25A009CA79E /* Products */ = {
			isa = PBXGroup;
			children = (
				13D25BED22FED25A009CA79E /* NewsAppTask.app */,
			);
			name = Products;
			sourceTree = "<group>";
		};
		13D25BEF22FED25A009CA79E /* NewsAppTask */ = {
			isa = PBXGroup;
			children = (
				13D25C0522FED52C009CA79E /* Model */,
				13D25C0622FED545009CA79E /* View */,
				13D25C0722FED557009CA79E /* ViewModel */,
				13D25C0D22FED8AC009CA79E /* Resources */,
				13D25C0C22FED743009CA79E /* SupportingFiles */,
				13D25C0B22FED6BB009CA79E /* NetworkModule */,
				13D25C0A22FED69C009CA79E /* Database */,
				13D25C0922FED688009CA79E /* Helpers */,
			);
			path = NewsAppTask;
			sourceTree = "<group>";
		};
		13D25C0522FED52C009CA79E /* Model */ = {
			isa = PBXGroup;
			children = (
				13D25C2A22FF3B86009CA79E /* PersonData.swift */,
				13C124942300553A00D3752A /* NewsFeed.swift */,
			);
			path = Model;
			sourceTree = "<group>";
		};
		13D25C0622FED545009CA79E /* View */ = {
			isa = PBXGroup;
			children = (
				13C12498230058B700D3752A /* TableViewCell */,
				13D25C1022FEDB8F009CA79E /* Controllers */,
				13D25C0F22FED9B9009CA79E /* Storyboards */,
			);
			path = View;
			sourceTree = "<group>";
		};
		13D25C0722FED557009CA79E /* ViewModel */ = {
			isa = PBXGroup;
			children = (
				13D25C1B22FF00A2009CA79E /* SiguUpViewModel.swift */,
				13C12496230055C800D3752A /* NewsFeedViewModel.swift */,
			);
			path = ViewModel;
			sourceTree = "<group>";
		};
		13D25C0922FED688009CA79E /* Helpers */ = {
			isa = PBXGroup;
			children = (
				13C124A023007A2F00D3752A /* Reachability */,
				13875DCD2300327C002508A0 /* LoadingIndicator */,
				13D25C1D22FF016B009CA79E /* InputFieldValidator */,
				13D25C1822FEF843009CA79E /* AppConstants */,
				13D25C1522FEF2CC009CA79E /* Extensions */,
			);
			path = Helpers;
			sourceTree = "<group>";
		};
		13D25C0A22FED69C009CA79E /* Database */ = {
			isa = PBXGroup;
			children = (
				13D25C2622FF3400009CA79E /* CoreDataManager.swift */,
			);
			path = Database;
			sourceTree = "<group>";
		};
		13D25C0B22FED6BB009CA79E /* NetworkModule */ = {
			isa = PBXGroup;
			children = (
				13DD3F8A22FFF97100B0CA1C /* Encoding */,
				13DD3F8922FFF95D00B0CA1C /* EndPoints */,
				13DD3F8822FFF93D00B0CA1C /* Routers */,
				13DD3F8722FFF92200B0CA1C /* NetworkManager */,
			);
			path = NetworkModule;
			sourceTree = "<group>";
		};
		13D25C0C22FED743009CA79E /* SupportingFiles */ = {
			isa = PBXGroup;
			children = (
				13D25BF022FED25A009CA79E /* AppDelegate.swift */,
				13D25BFC22FED25B009CA79E /* LaunchScreen.storyboard */,
				13D25BFF22FED25B009CA79E /* Info.plist */,
				13D25BF722FED25A009CA79E /* NewsAppTask.xcdatamodeld */,
			);
			path = SupportingFiles;
			sourceTree = "<group>";
		};
		13D25C0D22FED8AC009CA79E /* Resources */ = {
			isa = PBXGroup;
			children = (
				13D25BFA22FED25B009CA79E /* Assets.xcassets */,
			);
			path = Resources;
			sourceTree = "<group>";
		};
		13D25C0F22FED9B9009CA79E /* Storyboards */ = {
			isa = PBXGroup;
			children = (
				13D25BF422FED25A009CA79E /* Main.storyboard */,
			);
			path = Storyboards;
			sourceTree = "<group>";
		};
		13D25C1022FEDB8F009CA79E /* Controllers */ = {
			isa = PBXGroup;
			children = (
				13D25C1122FEDE1C009CA79E /* SignUpViewController.swift */,
				13D25C1322FEDE39009CA79E /* NewsFeedViewController.swift */,
			);
			path = Controllers;
			sourceTree = "<group>";
		};
		13D25C1522FEF2CC009CA79E /* Extensions */ = {
			isa = PBXGroup;
			children = (
				13D25C1622FEF2FD009CA79E /* TextFieldExtension.swift */,
				13D25C2022FF0824009CA79E /* UIViewExtension.swift */,
				13D25C2222FF11E0009CA79E /* UIColorExtension.swift */,
				13D25C2422FF13CF009CA79E /* UIViewControllerExtension.swift */,
				13C1249E2300645900D3752A /* UIImageViewExtension.swift */,
				13C124A32300A60B00D3752A /* DateExtension.swift */,
			);
			path = Extensions;
			sourceTree = "<group>";
		};
		13D25C1822FEF843009CA79E /* AppConstants */ = {
			isa = PBXGroup;
			children = (
				13D25C1922FEF861009CA79E /* AppConstant.swift */,
			);
			path = AppConstants;
			sourceTree = "<group>";
		};
		13D25C1D22FF016B009CA79E /* InputFieldValidator */ = {
			isa = PBXGroup;
			children = (
				13D25C1E22FF019A009CA79E /* InputFieldValidator.swift */,
			);
			path = InputFieldValidator;
			sourceTree = "<group>";
		};
		13DD3F8722FFF92200B0CA1C /* NetworkManager */ = {
			isa = PBXGroup;
			children = (
				13DD3F9122FFFACC00B0CA1C /* BaseNetworkManager.swift */,
				13DD3F9922FFFDCF00B0CA1C /* NewsFeedManager.swift */,
				13DD3F9B22FFFDE100B0CA1C /* SignUpManager.swift */,
			);
			path = NetworkManager;
			sourceTree = "<group>";
		};
		13DD3F8822FFF93D00B0CA1C /* Routers */ = {
			isa = PBXGroup;
			children = (
				13DD3F8B22FFF99C00B0CA1C /* BaseRouter.swift */,
			);
			path = Routers;
			sourceTree = "<group>";
		};
		13DD3F8922FFF95D00B0CA1C /* EndPoints */ = {
			isa = PBXGroup;
			children = (
				13DD3F8D22FFF9CE00B0CA1C /* BaseEndPoint.swift */,
				13DD3F9322FFFD4E00B0CA1C /* SignUpEndPoint.swift */,
				13DD3F9522FFFD8800B0CA1C /* NewsFeedEndPoint.swift */,
			);
			path = EndPoints;
			sourceTree = "<group>";
		};
		13DD3F8A22FFF97100B0CA1C /* Encoding */ = {
			isa = PBXGroup;
			children = (
				13DD3F8F22FFFA1E00B0CA1C /* Encoding.swift */,
			);
			path = Encoding;
			sourceTree = "<group>";
		};
/* End PBXGroup section */

/* Begin PBXNativeTarget section */
		13D25BEC22FED25A009CA79E /* NewsAppTask */ = {
			isa = PBXNativeTarget;
			buildConfigurationList = 13D25C0222FED25B009CA79E /* Build configuration list for PBXNativeTarget "NewsAppTask" */;
			buildPhases = (
				13D25BE922FED25A009CA79E /* Sources */,
				13D25BEA22FED25A009CA79E /* Frameworks */,
				13D25BEB22FED25A009CA79E /* Resources */,
			);
			buildRules = (
			);
			dependencies = (
			);
			name = NewsAppTask;
			productName = NewsAppTask;
			productReference = 13D25BED22FED25A009CA79E /* NewsAppTask.app */;
			productType = "com.apple.product-type.application";
		};
/* End PBXNativeTarget section */

/* Begin PBXProject section */
		13D25BE522FED259009CA79E /* Project object */ = {
			isa = PBXProject;
			attributes = {
				LastSwiftUpdateCheck = 1000;
				LastUpgradeCheck = 1000;
				ORGANIZATIONNAME = Rajes;
				TargetAttributes = {
					13D25BEC22FED25A009CA79E = {
						CreatedOnToolsVersion = 10.0;
					};
				};
			};
			buildConfigurationList = 13D25BE822FED25A009CA79E /* Build configuration list for PBXProject "NewsAppTask" */;
			compatibilityVersion = "Xcode 9.3";
			developmentRegion = en;
			hasScannedForEncodings = 0;
			knownRegions = (
				en,
				Base,
			);
			mainGroup = 13D25BE422FED259009CA79E;
			productRefGroup = 13D25BEE22FED25A009CA79E /* Products */;
			projectDirPath = "";
			projectRoot = "";
			targets = (
				13D25BEC22FED25A009CA79E /* NewsAppTask */,
			);
		};
/* End PBXProject section */

/* Begin PBXResourcesBuildPhase section */
		13D25BEB22FED25A009CA79E /* Resources */ = {
			isa = PBXResourcesBuildPhase;
			buildActionMask = 2147483647;
			files = (
				13D25BFE22FED25B009CA79E /* LaunchScreen.storyboard in Resources */,
				13D25BFB22FED25B009CA79E /* Assets.xcassets in Resources */,
				13C1249D230058FE00D3752A /* NewsFeedCell.xib in Resources */,
				13D25BF622FED25A009CA79E /* Main.storyboard in Resources */,
			);
			runOnlyForDeploymentPostprocessing = 0;
		};
/* End PBXResourcesBuildPhase section */

/* Begin PBXSourcesBuildPhase section */
		13D25BE922FED25A009CA79E /* Sources */ = {
			isa = PBXSourcesBuildPhase;
			buildActionMask = 2147483647;
			files = (
				13875DCF23003298002508A0 /* LoadingIndicator.swift in Sources */,
				13C124A42300A60B00D3752A /* DateExtension.swift in Sources */,
				13D25BF922FED25A009CA79E /* NewsAppTask.xcdatamodeld in Sources */,
				13DD3F9222FFFACC00B0CA1C /* BaseNetworkManager.swift in Sources */,
				13DD3F9A22FFFDCF00B0CA1C /* NewsFeedManager.swift in Sources */,
				13DD3F9422FFFD4E00B0CA1C /* SignUpEndPoint.swift in Sources */,
				13C1249F2300645900D3752A /* UIImageViewExtension.swift in Sources */,
				13D25C1C22FF00A2009CA79E /* SiguUpViewModel.swift in Sources */,
				13D25C1A22FEF861009CA79E /* AppConstant.swift in Sources */,
				13DD3F9022FFFA1E00B0CA1C /* Encoding.swift in Sources */,
				13C12497230055C800D3752A /* NewsFeedViewModel.swift in Sources */,
				13D25C1222FEDE1C009CA79E /* SignUpViewController.swift in Sources */,
				13DD3F9622FFFD8800B0CA1C /* NewsFeedEndPoint.swift in Sources */,
				13D25C1722FEF2FD009CA79E /* TextFieldExtension.swift in Sources */,
				13D25BF122FED25A009CA79E /* AppDelegate.swift in Sources */,
				13C124A223007A4700D3752A /* Reachability.swift in Sources */,
				13DD3F9C22FFFDE100B0CA1C /* SignUpManager.swift in Sources */,
				13D25C2722FF3400009CA79E /* CoreDataManager.swift in Sources */,
				13DD3F8C22FFF99C00B0CA1C /* BaseRouter.swift in Sources */,
				13D25C2122FF0824009CA79E /* UIViewExtension.swift in Sources */,
				13DD3F8E22FFF9CE00B0CA1C /* BaseEndPoint.swift in Sources */,
				13C1249C230058FE00D3752A /* NewsFeedCell.swift in Sources */,
				13D25C2322FF11E0009CA79E /* UIColorExtension.swift in Sources */,
				13C124952300553A00D3752A /* NewsFeed.swift in Sources */,
				13D25C1F22FF019A009CA79E /* InputFieldValidator.swift in Sources */,
				13D25C2522FF13CF009CA79E /* UIViewControllerExtension.swift in Sources */,
				13D25C2B22FF3B86009CA79E /* PersonData.swift in Sources */,
				13D25C1422FEDE39009CA79E /* NewsFeedViewController.swift in Sources */,
			);
			runOnlyForDeploymentPostprocessing = 0;
		};
/* End PBXSourcesBuildPhase section */

/* Begin PBXVariantGroup section */
		13D25BF422FED25A009CA79E /* Main.storyboard */ = {
			isa = PBXVariantGroup;
			children = (
				13D25BF522FED25A009CA79E /* Base */,
			);
			name = Main.storyboard;
			sourceTree = "<group>";
		};
		13D25BFC22FED25B009CA79E /* LaunchScreen.storyboard */ = {
			isa = PBXVariantGroup;
			children = (
				13D25BFD22FED25B009CA79E /* Base */,
			);
			name = LaunchScreen.storyboard;
			sourceTree = "<group>";
		};
/* End PBXVariantGroup section */

/* Begin XCBuildConfiguration section */
		13D25C0022FED25B009CA79E /* Debug */ = {
			isa = XCBuildConfiguration;
			buildSettings = {
				ALWAYS_SEARCH_USER_PATHS = NO;
				CLANG_ANALYZER_NONNULL = YES;
				CLANG_ANALYZER_NUMBER_OBJECT_CONVERSION = YES_AGGRESSIVE;
				CLANG_CXX_LANGUAGE_STANDARD = "gnu++14";
				CLANG_CXX_LIBRARY = "libc++";
				CLANG_ENABLE_MODULES = YES;
				CLANG_ENABLE_OBJC_ARC = YES;
				CLANG_ENABLE_OBJC_WEAK = YES;
				CLANG_WARN_BLOCK_CAPTURE_AUTORELEASING = YES;
				CLANG_WARN_BOOL_CONVERSION = YES;
				CLANG_WARN_COMMA = YES;
				CLANG_WARN_CONSTANT_CONVERSION = YES;
				CLANG_WARN_DEPRECATED_OBJC_IMPLEMENTATIONS = YES;
				CLANG_WARN_DIRECT_OBJC_ISA_USAGE = YES_ERROR;
				CLANG_WARN_DOCUMENTATION_COMMENTS = YES;
				CLANG_WARN_EMPTY_BODY = YES;
				CLANG_WARN_ENUM_CONVERSION = YES;
				CLANG_WARN_INFINITE_RECURSION = YES;
				CLANG_WARN_INT_CONVERSION = YES;
				CLANG_WARN_NON_LITERAL_NULL_CONVERSION = YES;
				CLANG_WARN_OBJC_IMPLICIT_RETAIN_SELF = YES;
				CLANG_WARN_OBJC_LITERAL_CONVERSION = YES;
				CLANG_WARN_OBJC_ROOT_CLASS = YES_ERROR;
				CLANG_WARN_RANGE_LOOP_ANALYSIS = YES;
				CLANG_WARN_STRICT_PROTOTYPES = YES;
				CLANG_WARN_SUSPICIOUS_MOVE = YES;
				CLANG_WARN_UNGUARDED_AVAILABILITY = YES_AGGRESSIVE;
				CLANG_WARN_UNREACHABLE_CODE = YES;
				CLANG_WARN__DUPLICATE_METHOD_MATCH = YES;
				CODE_SIGN_IDENTITY = "iPhone Developer";
				COPY_PHASE_STRIP = NO;
				DEBUG_INFORMATION_FORMAT = dwarf;
				ENABLE_STRICT_OBJC_MSGSEND = YES;
				ENABLE_TESTABILITY = YES;
				GCC_C_LANGUAGE_STANDARD = gnu11;
				GCC_DYNAMIC_NO_PIC = NO;
				GCC_NO_COMMON_BLOCKS = YES;
				GCC_OPTIMIZATION_LEVEL = 0;
				GCC_PREPROCESSOR_DEFINITIONS = (
					"DEBUG=1",
					"$(inherited)",
				);
				GCC_WARN_64_TO_32_BIT_CONVERSION = YES;
				GCC_WARN_ABOUT_RETURN_TYPE = YES_ERROR;
				GCC_WARN_UNDECLARED_SELECTOR = YES;
				GCC_WARN_UNINITIALIZED_AUTOS = YES_AGGRESSIVE;
				GCC_WARN_UNUSED_FUNCTION = YES;
				GCC_WARN_UNUSED_VARIABLE = YES;
				IPHONEOS_DEPLOYMENT_TARGET = 12.0;
				MTL_ENABLE_DEBUG_INFO = INCLUDE_SOURCE;
				MTL_FAST_MATH = YES;
				ONLY_ACTIVE_ARCH = YES;
				SDKROOT = iphoneos;
				SWIFT_ACTIVE_COMPILATION_CONDITIONS = DEBUG;
				SWIFT_OPTIMIZATION_LEVEL = "-Onone";
			};
			name = Debug;
		};
		13D25C0122FED25B009CA79E /* Release */ = {
			isa = XCBuildConfiguration;
			buildSettings = {
				ALWAYS_SEARCH_USER_PATHS = NO;
				CLANG_ANALYZER_NONNULL = YES;
				CLANG_ANALYZER_NUMBER_OBJECT_CONVERSION = YES_AGGRESSIVE;
				CLANG_CXX_LANGUAGE_STANDARD = "gnu++14";
				CLANG_CXX_LIBRARY = "libc++";
				CLANG_ENABLE_MODULES = YES;
				CLANG_ENABLE_OBJC_ARC = YES;
				CLANG_ENABLE_OBJC_WEAK = YES;
				CLANG_WARN_BLOCK_CAPTURE_AUTORELEASING = YES;
				CLANG_WARN_BOOL_CONVERSION = YES;
				CLANG_WARN_COMMA = YES;
				CLANG_WARN_CONSTANT_CONVERSION = YES;
				CLANG_WARN_DEPRECATED_OBJC_IMPLEMENTATIONS = YES;
				CLANG_WARN_DIRECT_OBJC_ISA_USAGE = YES_ERROR;
				CLANG_WARN_DOCUMENTATION_COMMENTS = YES;
				CLANG_WARN_EMPTY_BODY = YES;
				CLANG_WARN_ENUM_CONVERSION = YES;
				CLANG_WARN_INFINITE_RECURSION = YES;
				CLANG_WARN_INT_CONVERSION = YES;
				CLANG_WARN_NON_LITERAL_NULL_CONVERSION = YES;
				CLANG_WARN_OBJC_IMPLICIT_RETAIN_SELF = YES;
				CLANG_WARN_OBJC_LITERAL_CONVERSION = YES;
				CLANG_WARN_OBJC_ROOT_CLASS = YES_ERROR;
				CLANG_WARN_RANGE_LOOP_ANALYSIS = YES;
				CLANG_WARN_STRICT_PROTOTYPES = YES;
				CLANG_WARN_SUSPICIOUS_MOVE = YES;
				CLANG_WARN_UNGUARDED_AVAILABILITY = YES_AGGRESSIVE;
				CLANG_WARN_UNREACHABLE_CODE = YES;
				CLANG_WARN__DUPLICATE_METHOD_MATCH = YES;
				CODE_SIGN_IDENTITY = "iPhone Developer";
				COPY_PHASE_STRIP = NO;
				DEBUG_INFORMATION_FORMAT = "dwarf-with-dsym";
				ENABLE_NS_ASSERTIONS = NO;
				ENABLE_STRICT_OBJC_MSGSEND = YES;
				GCC_C_LANGUAGE_STANDARD = gnu11;
				GCC_NO_COMMON_BLOCKS = YES;
				GCC_WARN_64_TO_32_BIT_CONVERSION = YES;
				GCC_WARN_ABOUT_RETURN_TYPE = YES_ERROR;
				GCC_WARN_UNDECLARED_SELECTOR = YES;
				GCC_WARN_UNINITIALIZED_AUTOS = YES_AGGRESSIVE;
				GCC_WARN_UNUSED_FUNCTION = YES;
				GCC_WARN_UNUSED_VARIABLE = YES;
				IPHONEOS_DEPLOYMENT_TARGET = 12.0;
				MTL_ENABLE_DEBUG_INFO = NO;
				MTL_FAST_MATH = YES;
				SDKROOT = iphoneos;
				SWIFT_COMPILATION_MODE = wholemodule;
				SWIFT_OPTIMIZATION_LEVEL = "-O";
				VALIDATE_PRODUCT = YES;
			};
			name = Release;
		};
		13D25C0322FED25B009CA79E /* Debug */ = {
			isa = XCBuildConfiguration;
			buildSettings = {
				ASSETCATALOG_COMPILER_APPICON_NAME = AppIcon;
				CODE_SIGN_STYLE = Manual;
				DEVELOPMENT_TEAM = "";
				INFOPLIST_FILE = "$(SRCROOT)/NewsAppTask/SupportingFiles/Info.plist";
				LD_RUNPATH_SEARCH_PATHS = (
					"$(inherited)",
					"@executable_path/Frameworks",
				);
				PRODUCT_BUNDLE_IDENTIFIER = com.Rajes.NewsAppTask;
				PRODUCT_NAME = "$(TARGET_NAME)";
				PROVISIONING_PROFILE_SPECIFIER = "";
				SWIFT_VERSION = 4.2;
				TARGETED_DEVICE_FAMILY = "1,2";
			};
			name = Debug;
		};
		13D25C0422FED25B009CA79E /* Release */ = {
			isa = XCBuildConfiguration;
			buildSettings = {
				ASSETCATALOG_COMPILER_APPICON_NAME = AppIcon;
				CODE_SIGN_STYLE = Manual;
				DEVELOPMENT_TEAM = "";
				INFOPLIST_FILE = "$(SRCROOT)/NewsAppTask/SupportingFiles/Info.plist";
				LD_RUNPATH_SEARCH_PATHS = (
					"$(inherited)",
					"@executable_path/Frameworks",
				);
				PRODUCT_BUNDLE_IDENTIFIER = com.Rajes.NewsAppTask;
				PRODUCT_NAME = "$(TARGET_NAME)";
				PROVISIONING_PROFILE_SPECIFIER = "";
				SWIFT_VERSION = 4.2;
				TARGETED_DEVICE_FAMILY = "1,2";
			};
			name = Release;
		};
/* End XCBuildConfiguration section */

/* Begin XCConfigurationList section */
		13D25BE822FED25A009CA79E /* Build configuration list for PBXProject "NewsAppTask" */ = {
			isa = XCConfigurationList;
			buildConfigurations = (
				13D25C0022FED25B009CA79E /* Debug */,
				13D25C0122FED25B009CA79E /* Release */,
			);
			defaultConfigurationIsVisible = 0;
			defaultConfigurationName = Release;
		};
		13D25C0222FED25B009CA79E /* Build configuration list for PBXNativeTarget "NewsAppTask" */ = {
			isa = XCConfigurationList;
			buildConfigurations = (
				13D25C0322FED25B009CA79E /* Debug */,
				13D25C0422FED25B009CA79E /* Release */,
			);
			defaultConfigurationIsVisible = 0;
			defaultConfigurationName = Release;
		};
/* End XCConfigurationList section */

/* Begin XCVersionGroup section */
		13D25BF722FED25A009CA79E /* NewsAppTask.xcdatamodeld */ = {
			isa = XCVersionGroup;
			children = (
				13D25BF822FED25A009CA79E /* NewsAppTask.xcdatamodel */,
			);
			currentVersion = 13D25BF822FED25A009CA79E /* NewsAppTask.xcdatamodel */;
			path = NewsAppTask.xcdatamodeld;
			sourceTree = "<group>";
			versionGroupType = wrapper.xcdatamodel;
		};
/* End XCVersionGroup section */
	};
	rootObject = 13D25BE522FED259009CA79E /* Project object */;
}
